// !$*UTF8*$!
{
	archiveVersion = 1;
	classes = {
	};
	objectVersion = 56;
	objects = {

/* Begin PBXBuildFile section */
		8A22ADBE2B0E7EF60056F3D4 /* AppDelegate.swift in Sources */ = {isa = PBXBuildFile; fileRef = 8A22ADBD2B0E7EF60056F3D4 /* AppDelegate.swift */; };
		8A22ADC02B0E7EF60056F3D4 /* SceneDelegate.swift in Sources */ = {isa = PBXBuildFile; fileRef = 8A22ADBF2B0E7EF60056F3D4 /* SceneDelegate.swift */; };
		8A22ADC22B0E7EF60056F3D4 /* ViewController.swift in Sources */ = {isa = PBXBuildFile; fileRef = 8A22ADC12B0E7EF60056F3D4 /* ViewController.swift */; };
		8A22ADC52B0E7EF60056F3D4 /* Main.storyboard in Resources */ = {isa = PBXBuildFile; fileRef = 8A22ADC32B0E7EF60056F3D4 /* Main.storyboard */; };
		8A22ADC72B0E7EF90056F3D4 /* Assets.xcassets in Resources */ = {isa = PBXBuildFile; fileRef = 8A22ADC62B0E7EF90056F3D4 /* Assets.xcassets */; };
		8A22ADCA2B0E7EF90056F3D4 /* LaunchScreen.storyboard in Resources */ = {isa = PBXBuildFile; fileRef = 8A22ADC82B0E7EF90056F3D4 /* LaunchScreen.storyboard */; };
		8A22ADD52B0E7EF90056F3D4 /* Core_DataTests.swift in Sources */ = {isa = PBXBuildFile; fileRef = 8A22ADD42B0E7EF90056F3D4 /* Core_DataTests.swift */; };
		8A22ADDF2B0E7EF90056F3D4 /* Core_DataUITests.swift in Sources */ = {isa = PBXBuildFile; fileRef = 8A22ADDE2B0E7EF90056F3D4 /* Core_DataUITests.swift */; };
		8A22ADE12B0E7EF90056F3D4 /* Core_DataUITestsLaunchTests.swift in Sources */ = {isa = PBXBuildFile; fileRef = 8A22ADE02B0E7EF90056F3D4 /* Core_DataUITestsLaunchTests.swift */; };
		8A22ADEF2B0E7F600056F3D4 /* NotesModel.xcdatamodeld in Sources */ = {isa = PBXBuildFile; fileRef = 8A22ADED2B0E7F600056F3D4 /* NotesModel.xcdatamodeld */; };
		8A22ADF12B0E81BE0056F3D4 /* NewManager.swift in Sources */ = {isa = PBXBuildFile; fileRef = 8A22ADF02B0E81BE0056F3D4 /* NewManager.swift */; };
		8A22ADF32B0E83500056F3D4 /* NewViewController.swift in Sources */ = {isa = PBXBuildFile; fileRef = 8A22ADF22B0E83500056F3D4 /* NewViewController.swift */; };
/* End PBXBuildFile section */

/* Begin PBXContainerItemProxy section */
		8A22ADD12B0E7EF90056F3D4 /* PBXContainerItemProxy */ = {
			isa = PBXContainerItemProxy;
			containerPortal = 8A22ADB22B0E7EF60056F3D4 /* Project object */;
			proxyType = 1;
			remoteGlobalIDString = 8A22ADB92B0E7EF60056F3D4;
			remoteInfo = "Core Data";
		};
		8A22ADDB2B0E7EF90056F3D4 /* PBXContainerItemProxy */ = {
			isa = PBXContainerItemProxy;
			containerPortal = 8A22ADB22B0E7EF60056F3D4 /* Project object */;
			proxyType = 1;
			remoteGlobalIDString = 8A22ADB92B0E7EF60056F3D4;
			remoteInfo = "Core Data";
		};
/* End PBXContainerItemProxy section */

/* Begin PBXFileReference section */
		8A22ADBA2B0E7EF60056F3D4 /* Core Data.app */ = {isa = PBXFileReference; explicitFileType = wrapper.application; includeInIndex = 0; path = "Core Data.app"; sourceTree = BUILT_PRODUCTS_DIR; };
		8A22ADBD2B0E7EF60056F3D4 /* AppDelegate.swift */ = {isa = PBXFileReference; lastKnownFileType = sourcecode.swift; path = AppDelegate.swift; sourceTree = "<group>"; };
		8A22ADBF2B0E7EF60056F3D4 /* SceneDelegate.swift */ = {isa = PBXFileReference; lastKnownFileType = sourcecode.swift; path = SceneDelegate.swift; sourceTree = "<group>"; };
		8A22ADC12B0E7EF60056F3D4 /* ViewController.swift */ = {isa = PBXFileReference; lastKnownFileType = sourcecode.swift; path = ViewController.swift; sourceTree = "<group>"; };
		8A22ADC42B0E7EF60056F3D4 /* Base */ = {isa = PBXFileReference; lastKnownFileType = file.storyboard; name = Base; path = Base.lproj/Main.storyboard; sourceTree = "<group>"; };
		8A22ADC62B0E7EF90056F3D4 /* Assets.xcassets */ = {isa = PBXFileReference; lastKnownFileType = folder.assetcatalog; path = Assets.xcassets; sourceTree = "<group>"; };
		8A22ADC92B0E7EF90056F3D4 /* Base */ = {isa = PBXFileReference; lastKnownFileType = file.storyboard; name = Base; path = Base.lproj/LaunchScreen.storyboard; sourceTree = "<group>"; };
		8A22ADCB2B0E7EF90056F3D4 /* Info.plist */ = {isa = PBXFileReference; lastKnownFileType = text.plist.xml; path = Info.plist; sourceTree = "<group>"; };
		8A22ADD02B0E7EF90056F3D4 /* Core DataTests.xctest */ = {isa = PBXFileReference; explicitFileType = wrapper.cfbundle; includeInIndex = 0; path = "Core DataTests.xctest"; sourceTree = BUILT_PRODUCTS_DIR; };
		8A22ADD42B0E7EF90056F3D4 /* Core_DataTests.swift */ = {isa = PBXFileReference; lastKnownFileType = sourcecode.swift; path = Core_DataTests.swift; sourceTree = "<group>"; };
		8A22ADDA2B0E7EF90056F3D4 /* Core DataUITests.xctest */ = {isa = PBXFileReference; explicitFileType = wrapper.cfbundle; includeInIndex = 0; path = "Core DataUITests.xctest"; sourceTree = BUILT_PRODUCTS_DIR; };
		8A22ADDE2B0E7EF90056F3D4 /* Core_DataUITests.swift */ = {isa = PBXFileReference; lastKnownFileType = sourcecode.swift; path = Core_DataUITests.swift; sourceTree = "<group>"; };
		8A22ADE02B0E7EF90056F3D4 /* Core_DataUITestsLaunchTests.swift */ = {isa = PBXFileReference; lastKnownFileType = sourcecode.swift; path = Core_DataUITestsLaunchTests.swift; sourceTree = "<group>"; };
		8A22ADEE2B0E7F600056F3D4 /* NotesModel.xcdatamodel */ = {isa = PBXFileReference; lastKnownFileType = wrapper.xcdatamodel; path = NotesModel.xcdatamodel; sourceTree = "<group>"; };
		8A22ADF02B0E81BE0056F3D4 /* NewManager.swift */ = {isa = PBXFileReference; lastKnownFileType = sourcecode.swift; path = NewManager.swift; sourceTree = "<group>"; };
		8A22ADF22B0E83500056F3D4 /* NewViewController.swift */ = {isa = PBXFileReference; lastKnownFileType = sourcecode.swift; path = NewViewController.swift; sourceTree = "<group>"; };
/* End PBXFileReference section */

/* Begin PBXFrameworksBuildPhase section */
		8A22ADB72B0E7EF60056F3D4 /* Frameworks */ = {
			isa = PBXFrameworksBuildPhase;
			buildActionMask = 2147483647;
			files = (
			);
			runOnlyForDeploymentPostprocessing = 0;
		};
		8A22ADCD2B0E7EF90056F3D4 /* Frameworks */ = {
			isa = PBXFrameworksBuildPhase;
			buildActionMask = 2147483647;
			files = (
			);
			runOnlyForDeploymentPostprocessing = 0;
		};
		8A22ADD72B0E7EF90056F3D4 /* Frameworks */ = {
			isa = PBXFrameworksBuildPhase;
			buildActionMask = 2147483647;
			files = (
			);
			runOnlyForDeploymentPostprocessing = 0;
		};
/* End PBXFrameworksBuildPhase section */

/* Begin PBXGroup section */
		8A22ADB12B0E7EF60056F3D4 = {
			isa = PBXGroup;
			children = (
				8A22ADED2B0E7F600056F3D4 /* NotesModel.xcdatamodeld */,
				8A22ADBC2B0E7EF60056F3D4 /* Core Data */,
				8A22ADD32B0E7EF90056F3D4 /* Core DataTests */,
				8A22ADDD2B0E7EF90056F3D4 /* Core DataUITests */,
				8A22ADBB2B0E7EF60056F3D4 /* Products */,
			);
			sourceTree = "<group>";
		};
		8A22ADBB2B0E7EF60056F3D4 /* Products */ = {
			isa = PBXGroup;
			children = (
				8A22ADBA2B0E7EF60056F3D4 /* Core Data.app */,
				8A22ADD02B0E7EF90056F3D4 /* Core DataTests.xctest */,
				8A22ADDA2B0E7EF90056F3D4 /* Core DataUITests.xctest */,
			);
			name = Products;
			sourceTree = "<group>";
		};
		8A22ADBC2B0E7EF60056F3D4 /* Core Data */ = {
			isa = PBXGroup;
			children = (
				8A22ADBD2B0E7EF60056F3D4 /* AppDelegate.swift */,
				8A22ADBF2B0E7EF60056F3D4 /* SceneDelegate.swift */,
				8A22ADC12B0E7EF60056F3D4 /* ViewController.swift */,
				8A22ADC32B0E7EF60056F3D4 /* Main.storyboard */,
				8A22ADC62B0E7EF90056F3D4 /* Assets.xcassets */,
				8A22ADC82B0E7EF90056F3D4 /* LaunchScreen.storyboard */,
				8A22ADCB2B0E7EF90056F3D4 /* Info.plist */,
				8A22ADF02B0E81BE0056F3D4 /* NewManager.swift */,
				8A22ADF22B0E83500056F3D4 /* NewViewController.swift */,
			);
			path = "Core Data";
			sourceTree = "<group>";
		};
		8A22ADD32B0E7EF90056F3D4 /* Core DataTests */ = {
			isa = PBXGroup;
			children = (
				8A22ADD42B0E7EF90056F3D4 /* Core_DataTests.swift */,
			);
			path = "Core DataTests";
			sourceTree = "<group>";
		};
		8A22ADDD2B0E7EF90056F3D4 /* Core DataUITests */ = {
			isa = PBXGroup;
			children = (
				8A22ADDE2B0E7EF90056F3D4 /* Core_DataUITests.swift */,
				8A22ADE02B0E7EF90056F3D4 /* Core_DataUITestsLaunchTests.swift */,
			);
			path = "Core DataUITests";
			sourceTree = "<group>";
		};
/* End PBXGroup section */

/* Begin PBXNativeTarget section */
		8A22ADB92B0E7EF60056F3D4 /* Core Data */ = {
			isa = PBXNativeTarget;
			buildConfigurationList = 8A22ADE42B0E7EF90056F3D4 /* Build configuration list for PBXNativeTarget "Core Data" */;
			buildPhases = (
				8A22ADB62B0E7EF60056F3D4 /* Sources */,
				8A22ADB72B0E7EF60056F3D4 /* Frameworks */,
				8A22ADB82B0E7EF60056F3D4 /* Resources */,
			);
			buildRules = (
			);
			dependencies = (
			);
			name = "Core Data";
			productName = "Core Data";
			productReference = 8A22ADBA2B0E7EF60056F3D4 /* Core Data.app */;
			productType = "com.apple.product-type.application";
		};
		8A22ADCF2B0E7EF90056F3D4 /* Core DataTests */ = {
			isa = PBXNativeTarget;
			buildConfigurationList = 8A22ADE72B0E7EF90056F3D4 /* Build configuration list for PBXNativeTarget "Core DataTests" */;
			buildPhases = (
				8A22ADCC2B0E7EF90056F3D4 /* Sources */,
				8A22ADCD2B0E7EF90056F3D4 /* Frameworks */,
				8A22ADCE2B0E7EF90056F3D4 /* Resources */,
			);
			buildRules = (
			);
			dependencies = (
				8A22ADD22B0E7EF90056F3D4 /* PBXTargetDependency */,
			);
			name = "Core DataTests";
			productName = "Core DataTests";
			productReference = 8A22ADD02B0E7EF90056F3D4 /* Core DataTests.xctest */;
			productType = "com.apple.product-type.bundle.unit-test";
		};
		8A22ADD92B0E7EF90056F3D4 /* Core DataUITests */ = {
			isa = PBXNativeTarget;
			buildConfigurationList = 8A22ADEA2B0E7EF90056F3D4 /* Build configuration list for PBXNativeTarget "Core DataUITests" */;
			buildPhases = (
				8A22ADD62B0E7EF90056F3D4 /* Sources */,
				8A22ADD72B0E7EF90056F3D4 /* Frameworks */,
				8A22ADD82B0E7EF90056F3D4 /* Resources */,
			);
			buildRules = (
			);
			dependencies = (
				8A22ADDC2B0E7EF90056F3D4 /* PBXTargetDependency */,
			);
			name = "Core DataUITests";
			productName = "Core DataUITests";
			productReference = 8A22ADDA2B0E7EF90056F3D4 /* Core DataUITests.xctest */;
			productType = "com.apple.product-type.bundle.ui-testing";
		};
/* End PBXNativeTarget section */

/* Begin PBXProject section */
		8A22ADB22B0E7EF60056F3D4 /* Project object */ = {
			isa = PBXProject;
			attributes = {
				BuildIndependentTargetsInParallel = 1;
				LastSwiftUpdateCheck = 1430;
				LastUpgradeCheck = 1430;
				TargetAttributes = {
					8A22ADB92B0E7EF60056F3D4 = {
						CreatedOnToolsVersion = 14.3.1;
					};
					8A22ADCF2B0E7EF90056F3D4 = {
						CreatedOnToolsVersion = 14.3.1;
						TestTargetID = 8A22ADB92B0E7EF60056F3D4;
					};
					8A22ADD92B0E7EF90056F3D4 = {
						CreatedOnToolsVersion = 14.3.1;
						TestTargetID = 8A22ADB92B0E7EF60056F3D4;
					};
				};
			};
			buildConfigurationList = 8A22ADB52B0E7EF60056F3D4 /* Build configuration list for PBXProject "Core Data" */;
			compatibilityVersion = "Xcode 14.0";
			developmentRegion = en;
			hasScannedForEncodings = 0;
			knownRegions = (
				en,
				Base,
			);
			mainGroup = 8A22ADB12B0E7EF60056F3D4;
			productRefGroup = 8A22ADBB2B0E7EF60056F3D4 /* Products */;
			projectDirPath = "";
			projectRoot = "";
			targets = (
				8A22ADB92B0E7EF60056F3D4 /* Core Data */,
				8A22ADCF2B0E7EF90056F3D4 /* Core DataTests */,
				8A22ADD92B0E7EF90056F3D4 /* Core DataUITests */,
			);
		};
/* End PBXProject section */

/* Begin PBXResourcesBuildPhase section */
		8A22ADB82B0E7EF60056F3D4 /* Resources */ = {
			isa = PBXResourcesBuildPhase;
			buildActionMask = 2147483647;
			files = (
				8A22ADCA2B0E7EF90056F3D4 /* LaunchScreen.storyboard in Resources */,
				8A22ADC72B0E7EF90056F3D4 /* Assets.xcassets in Resources */,
				8A22ADC52B0E7EF60056F3D4 /* Main.storyboard in Resources */,
			);
			runOnlyForDeploymentPostprocessing = 0;
		};
		8A22ADCE2B0E7EF90056F3D4 /* Resources */ = {
			isa = PBXResourcesBuildPhase;
			buildActionMask = 2147483647;
			files = (
			);
			runOnlyForDeploymentPostprocessing = 0;
		};
		8A22ADD82B0E7EF90056F3D4 /* Resources */ = {
			isa = PBXResourcesBuildPhase;
			buildActionMask = 2147483647;
			files = (
			);
			runOnlyForDeploymentPostprocessing = 0;
		};
/* End PBXResourcesBuildPhase section */

/* Begin PBXSourcesBuildPhase section */
		8A22ADB62B0E7EF60056F3D4 /* Sources */ = {
			isa = PBXSourcesBuildPhase;
			buildActionMask = 2147483647;
			files = (
				8A22ADC22B0E7EF60056F3D4 /* ViewController.swift in Sources */,
				8A22ADEF2B0E7F600056F3D4 /* NotesModel.xcdatamodeld in Sources */,
				8A22ADF12B0E81BE0056F3D4 /* NewManager.swift in Sources */,
				8A22ADF32B0E83500056F3D4 /* NewViewController.swift in Sources */,
				8A22ADBE2B0E7EF60056F3D4 /* AppDelegate.swift in Sources */,
				8A22ADC02B0E7EF60056F3D4 /* SceneDelegate.swift in Sources */,
			);
			runOnlyForDeploymentPostprocessing = 0;
		};
		8A22ADCC2B0E7EF90056F3D4 /* Sources */ = {
			isa = PBXSourcesBuildPhase;
			buildActionMask = 2147483647;
			files = (
				8A22ADD52B0E7EF90056F3D4 /* Core_DataTests.swift in Sources */,
			);
			runOnlyForDeploymentPostprocessing = 0;
		};
		8A22ADD62B0E7EF90056F3D4 /* Sources */ = {
			isa = PBXSourcesBuildPhase;
			buildActionMask = 2147483647;
			files = (
				8A22ADDF2B0E7EF90056F3D4 /* Core_DataUITests.swift in Sources */,
				8A22ADE12B0E7EF90056F3D4 /* Core_DataUITestsLaunchTests.swift in Sources */,
			);
			runOnlyForDeploymentPostprocessing = 0;
		};
/* End PBXSourcesBuildPhase section */

/* Begin PBXTargetDependency section */
		8A22ADD22B0E7EF90056F3D4 /* PBXTargetDependency */ = {
			isa = PBXTargetDependency;
			target = 8A22ADB92B0E7EF60056F3D4 /* Core Data */;
			targetProxy = 8A22ADD12B0E7EF90056F3D4 /* PBXContainerItemProxy */;
		};
		8A22ADDC2B0E7EF90056F3D4 /* PBXTargetDependency */ = {
			isa = PBXTargetDependency;
			target = 8A22ADB92B0E7EF60056F3D4 /* Core Data */;
			targetProxy = 8A22ADDB2B0E7EF90056F3D4 /* PBXContainerItemProxy */;
		};
/* End PBXTargetDependency section */

/* Begin PBXVariantGroup section */
		8A22ADC32B0E7EF60056F3D4 /* Main.storyboard */ = {
			isa = PBXVariantGroup;
			children = (
				8A22ADC42B0E7EF60056F3D4 /* Base */,
			);
			name = Main.storyboard;
			sourceTree = "<group>";
		};
		8A22ADC82B0E7EF90056F3D4 /* LaunchScreen.storyboard */ = {
			isa = PBXVariantGroup;
			children = (
				8A22ADC92B0E7EF90056F3D4 /* Base */,
			);
			name = LaunchScreen.storyboard;
			sourceTree = "<group>";
		};
/* End PBXVariantGroup section */

/* Begin XCBuildConfiguration section */
		8A22ADE22B0E7EF90056F3D4 /* Debug */ = {
			isa = XCBuildConfiguration;
			buildSettings = {
				ALWAYS_SEARCH_USER_PATHS = NO;
				CLANG_ANALYZER_NONNULL = YES;
				CLANG_ANALYZER_NUMBER_OBJECT_CONVERSION = YES_AGGRESSIVE;
				CLANG_CXX_LANGUAGE_STANDARD = "gnu++20";
				CLANG_ENABLE_MODULES = YES;
				CLANG_ENABLE_OBJC_ARC = YES;
				CLANG_ENABLE_OBJC_WEAK = YES;
				CLANG_WARN_BLOCK_CAPTURE_AUTORELEASING = YES;
				CLANG_WARN_BOOL_CONVERSION = YES;
				CLANG_WARN_COMMA = YES;
				CLANG_WARN_CONSTANT_CONVERSION = YES;
				CLANG_WARN_DEPRECATED_OBJC_IMPLEMENTATIONS = YES;
				CLANG_WARN_DIRECT_OBJC_ISA_USAGE = YES_ERROR;
				CLANG_WARN_DOCUMENTATION_COMMENTS = YES;
				CLANG_WARN_EMPTY_BODY = YES;
				CLANG_WARN_ENUM_CONVERSION = YES;
				CLANG_WARN_INFINITE_RECURSION = YES;
				CLANG_WARN_INT_CONVERSION = YES;
				CLANG_WARN_NON_LITERAL_NULL_CONVERSION = YES;
				CLANG_WARN_OBJC_IMPLICIT_RETAIN_SELF = YES;
				CLANG_WARN_OBJC_LITERAL_CONVERSION = YES;
				CLANG_WARN_OBJC_ROOT_CLASS = YES_ERROR;
				CLANG_WARN_QUOTED_INCLUDE_IN_FRAMEWORK_HEADER = YES;
				CLANG_WARN_RANGE_LOOP_ANALYSIS = YES;
				CLANG_WARN_STRICT_PROTOTYPES = YES;
				CLANG_WARN_SUSPICIOUS_MOVE = YES;
				CLANG_WARN_UNGUARDED_AVAILABILITY = YES_AGGRESSIVE;
				CLANG_WARN_UNREACHABLE_CODE = YES;
				CLANG_WARN__DUPLICATE_METHOD_MATCH = YES;
				COPY_PHASE_STRIP = NO;
				DEBUG_INFORMATION_FORMAT = dwarf;
				ENABLE_STRICT_OBJC_MSGSEND = YES;
				ENABLE_TESTABILITY = YES;
				GCC_C_LANGUAGE_STANDARD = gnu11;
				GCC_DYNAMIC_NO_PIC = NO;
				GCC_NO_COMMON_BLOCKS = YES;
				GCC_OPTIMIZATION_LEVEL = 0;
				GCC_PREPROCESSOR_DEFINITIONS = (
					"DEBUG=1",
					"$(inherited)",
				);
				GCC_WARN_64_TO_32_BIT_CONVERSION = YES;
				GCC_WARN_ABOUT_RETURN_TYPE = YES_ERROR;
				GCC_WARN_UNDECLARED_SELECTOR = YES;
				GCC_WARN_UNINITIALIZED_AUTOS = YES_AGGRESSIVE;
				GCC_WARN_UNUSED_FUNCTION = YES;
				GCC_WARN_UNUSED_VARIABLE = YES;
				IPHONEOS_DEPLOYMENT_TARGET = 16.4;
				MTL_ENABLE_DEBUG_INFO = INCLUDE_SOURCE;
				MTL_FAST_MATH = YES;
				ONLY_ACTIVE_ARCH = YES;
				SDKROOT = iphoneos;
				SWIFT_ACTIVE_COMPILATION_CONDITIONS = DEBUG;
				SWIFT_OPTIMIZATION_LEVEL = "-Onone";
			};
			name = Debug;
		};
		8A22ADE32B0E7EF90056F3D4 /* Release */ = {
			isa = XCBuildConfiguration;
			buildSettings = {
				ALWAYS_SEARCH_USER_PATHS = NO;
				CLANG_ANALYZER_NONNULL = YES;
				CLANG_ANALYZER_NUMBER_OBJECT_CONVERSION = YES_AGGRESSIVE;
				CLANG_CXX_LANGUAGE_STANDARD = "gnu++20";
				CLANG_ENABLE_MODULES = YES;
				CLANG_ENABLE_OBJC_ARC = YES;
				CLANG_ENABLE_OBJC_WEAK = YES;
				CLANG_WARN_BLOCK_CAPTURE_AUTORELEASING = YES;
				CLANG_WARN_BOOL_CONVERSION = YES;
				CLANG_WARN_COMMA = YES;
				CLANG_WARN_CONSTANT_CONVERSION = YES;
				CLANG_WARN_DEPRECATED_OBJC_IMPLEMENTATIONS = YES;
				CLANG_WARN_DIRECT_OBJC_ISA_USAGE = YES_ERROR;
				CLANG_WARN_DOCUMENTATION_COMMENTS = YES;
				CLANG_WARN_EMPTY_BODY = YES;
				CLANG_WARN_ENUM_CONVERSION = YES;
				CLANG_WARN_INFINITE_RECURSION = YES;
				CLANG_WARN_INT_CONVERSION = YES;
				CLANG_WARN_NON_LITERAL_NULL_CONVERSION = YES;
				CLANG_WARN_OBJC_IMPLICIT_RETAIN_SELF = YES;
				CLANG_WARN_OBJC_LITERAL_CONVERSION = YES;
				CLANG_WARN_OBJC_ROOT_CLASS = YES_ERROR;
				CLANG_WARN_QUOTED_INCLUDE_IN_FRAMEWORK_HEADER = YES;
				CLANG_WARN_RANGE_LOOP_ANALYSIS = YES;
				CLANG_WARN_STRICT_PROTOTYPES = YES;
				CLANG_WARN_SUSPICIOUS_MOVE = YES;
				CLANG_WARN_UNGUARDED_AVAILABILITY = YES_AGGRESSIVE;
				CLANG_WARN_UNREACHABLE_CODE = YES;
				CLANG_WARN__DUPLICATE_METHOD_MATCH = YES;
				COPY_PHASE_STRIP = NO;
				DEBUG_INFORMATION_FORMAT = "dwarf-with-dsym";
				ENABLE_NS_ASSERTIONS = NO;
				ENABLE_STRICT_OBJC_MSGSEND = YES;
				GCC_C_LANGUAGE_STANDARD = gnu11;
				GCC_NO_COMMON_BLOCKS = YES;
				GCC_WARN_64_TO_32_BIT_CONVERSION = YES;
				GCC_WARN_ABOUT_RETURN_TYPE = YES_ERROR;
				GCC_WARN_UNDECLARED_SELECTOR = YES;
				GCC_WARN_UNINITIALIZED_AUTOS = YES_AGGRESSIVE;
				GCC_WARN_UNUSED_FUNCTION = YES;
				GCC_WARN_UNUSED_VARIABLE = YES;
				IPHONEOS_DEPLOYMENT_TARGET = 16.4;
				MTL_ENABLE_DEBUG_INFO = NO;
				MTL_FAST_MATH = YES;
				SDKROOT = iphoneos;
				SWIFT_COMPILATION_MODE = wholemodule;
				SWIFT_OPTIMIZATION_LEVEL = "-O";
				VALIDATE_PRODUCT = YES;
			};
			name = Release;
		};
		8A22ADE52B0E7EF90056F3D4 /* Debug */ = {
			isa = XCBuildConfiguration;
			buildSettings = {
				ASSETCATALOG_COMPILER_APPICON_NAME = AppIcon;
				ASSETCATALOG_COMPILER_GLOBAL_ACCENT_COLOR_NAME = AccentColor;
				CODE_SIGN_STYLE = Automatic;
				CURRENT_PROJECT_VERSION = 1;
				GENERATE_INFOPLIST_FILE = YES;
				INFOPLIST_FILE = "Core Data/Info.plist";
				INFOPLIST_KEY_UIApplicationSupportsIndirectInputEvents = YES;
				INFOPLIST_KEY_UILaunchStoryboardName = LaunchScreen;
				INFOPLIST_KEY_UIMainStoryboardFile = Main;
				INFOPLIST_KEY_UISupportedInterfaceOrientations_iPad = "UIInterfaceOrientationPortrait UIInterfaceOrientationPortraitUpsideDown UIInterfaceOrientationLandscapeLeft UIInterfaceOrientationLandscapeRight";
				INFOPLIST_KEY_UISupportedInterfaceOrientations_iPhone = "UIInterfaceOrientationPortrait UIInterfaceOrientationLandscapeLeft UIInterfaceOrientationLandscapeRight";
				LD_RUNPATH_SEARCH_PATHS = (
					"$(inherited)",
					"@executable_path/Frameworks",
				);
				MARKETING_VERSION = 1.0;
				PRODUCT_BUNDLE_IDENTIFIER = "Swift.Core-Data";
				PRODUCT_NAME = "$(TARGET_NAME)";
				SWIFT_EMIT_LOC_STRINGS = YES;
				SWIFT_VERSION = 5.0;
				TARGETED_DEVICE_FAMILY = "1,2";
			};
			name = Debug;
		};
		8A22ADE62B0E7EF90056F3D4 /* Release */ = {
			isa = XCBuildConfiguration;
			buildSettings = {
				ASSETCATALOG_COMPILER_APPICON_NAME = AppIcon;
				ASSETCATALOG_COMPILER_GLOBAL_ACCENT_COLOR_NAME = AccentColor;
				CODE_SIGN_STYLE = Automatic;
				CURRENT_PROJECT_VERSION = 1;
				GENERATE_INFOPLIST_FILE = YES;
				INFOPLIST_FILE = "Core Data/Info.plist";
				INFOPLIST_KEY_UIApplicationSupportsIndirectInputEvents = YES;
				INFOPLIST_KEY_UILaunchStoryboardName = LaunchScreen;
				INFOPLIST_KEY_UIMainStoryboardFile = Main;
				INFOPLIST_KEY_UISupportedInterfaceOrientations_iPad = "UIInterfaceOrientationPortrait UIInterfaceOrientationPortraitUpsideDown UIInterfaceOrientationLandscapeLeft UIInterfaceOrientationLandscapeRight";
				INFOPLIST_KEY_UISupportedInterfaceOrientations_iPhone = "UIInterfaceOrientationPortrait UIInterfaceOrientationLandscapeLeft UIInterfaceOrientationLandscapeRight";
				LD_RUNPATH_SEARCH_PATHS = (
					"$(inherited)",
					"@executable_path/Frameworks",
				);
				MARKETING_VERSION = 1.0;
				PRODUCT_BUNDLE_IDENTIFIER = "Swift.Core-Data";
				PRODUCT_NAME = "$(TARGET_NAME)";
				SWIFT_EMIT_LOC_STRINGS = YES;
				SWIFT_VERSION = 5.0;
				TARGETED_DEVICE_FAMILY = "1,2";
			};
			name = Release;
		};
		8A22ADE82B0E7EF90056F3D4 /* Debug */ = {
			isa = XCBuildConfiguration;
			buildSettings = {
				ALWAYS_EMBED_SWIFT_STANDARD_LIBRARIES = YES;
				BUNDLE_LOADER = "$(TEST_HOST)";
				CODE_SIGN_STYLE = Automatic;
				CURRENT_PROJECT_VERSION = 1;
				GENERATE_INFOPLIST_FILE = YES;
				IPHONEOS_DEPLOYMENT_TARGET = 16.4;
				MARKETING_VERSION = 1.0;
				PRODUCT_BUNDLE_IDENTIFIER = "Swift.Core-DataTests";
				PRODUCT_NAME = "$(TARGET_NAME)";
				SWIFT_EMIT_LOC_STRINGS = NO;
				SWIFT_VERSION = 5.0;
				TARGETED_DEVICE_FAMILY = "1,2";
				TEST_HOST = "$(BUILT_PRODUCTS_DIR)/Core Data.app/$(BUNDLE_EXECUTABLE_FOLDER_PATH)/Core Data";
			};
			name = Debug;
		};
		8A22ADE92B0E7EF90056F3D4 /* Release */ = {
			isa = XCBuildConfiguration;
			buildSettings = {
				ALWAYS_EMBED_SWIFT_STANDARD_LIBRARIES = YES;
				BUNDLE_LOADER = "$(TEST_HOST)";
				CODE_SIGN_STYLE = Automatic;
				CURRENT_PROJECT_VERSION = 1;
				GENERATE_INFOPLIST_FILE = YES;
				IPHONEOS_DEPLOYMENT_TARGET = 16.4;
				MARKETING_VERSION = 1.0;
				PRODUCT_BUNDLE_IDENTIFIER = "Swift.Core-DataTests";
				PRODUCT_NAME = "$(TARGET_NAME)";
				SWIFT_EMIT_LOC_STRINGS = NO;
				SWIFT_VERSION = 5.0;
				TARGETED_DEVICE_FAMILY = "1,2";
				TEST_HOST = "$(BUILT_PRODUCTS_DIR)/Core Data.app/$(BUNDLE_EXECUTABLE_FOLDER_PATH)/Core Data";
			};
			name = Release;
		};
		8A22ADEB2B0E7EF90056F3D4 /* Debug */ = {
			isa = XCBuildConfiguration;
			buildSettings = {
				ALWAYS_EMBED_SWIFT_STANDARD_LIBRARIES = YES;
				CODE_SIGN_STYLE = Automatic;
				CURRENT_PROJECT_VERSION = 1;
				GENERATE_INFOPLIST_FILE = YES;
				MARKETING_VERSION = 1.0;
				PRODUCT_BUNDLE_IDENTIFIER = "Swift.Core-DataUITests";
				PRODUCT_NAME = "$(TARGET_NAME)";
				SWIFT_EMIT_LOC_STRINGS = NO;
				SWIFT_VERSION = 5.0;
				TARGETED_DEVICE_FAMILY = "1,2";
				TEST_TARGET_NAME = "Core Data";
			};
			name = Debug;
		};
		8A22ADEC2B0E7EF90056F3D4 /* Release */ = {
			isa = XCBuildConfiguration;
			buildSettings = {
				ALWAYS_EMBED_SWIFT_STANDARD_LIBRARIES = YES;
				CODE_SIGN_STYLE = Automatic;
				CURRENT_PROJECT_VERSION = 1;
				GENERATE_INFOPLIST_FILE = YES;
				MARKETING_VERSION = 1.0;
				PRODUCT_BUNDLE_IDENTIFIER = "Swift.Core-DataUITests";
				PRODUCT_NAME = "$(TARGET_NAME)";
				SWIFT_EMIT_LOC_STRINGS = NO;
				SWIFT_VERSION = 5.0;
				TARGETED_DEVICE_FAMILY = "1,2";
				TEST_TARGET_NAME = "Core Data";
			};
			name = Release;
		};
/* End XCBuildConfiguration section */

/* Begin XCConfigurationList section */
		8A22ADB52B0E7EF60056F3D4 /* Build configuration list for PBXProject "Core Data" */ = {
			isa = XCConfigurationList;
			buildConfigurations = (
				8A22ADE22B0E7EF90056F3D4 /* Debug */,
				8A22ADE32B0E7EF90056F3D4 /* Release */,
			);
			defaultConfigurationIsVisible = 0;
			defaultConfigurationName = Release;
		};
		8A22ADE42B0E7EF90056F3D4 /* Build configuration list for PBXNativeTarget "Core Data" */ = {
			isa = XCConfigurationList;
			buildConfigurations = (
				8A22ADE52B0E7EF90056F3D4 /* Debug */,
				8A22ADE62B0E7EF90056F3D4 /* Release */,
			);
			defaultConfigurationIsVisible = 0;
			defaultConfigurationName = Release;
		};
		8A22ADE72B0E7EF90056F3D4 /* Build configuration list for PBXNativeTarget "Core DataTests" */ = {
			isa = XCConfigurationList;
			buildConfigurations = (
				8A22ADE82B0E7EF90056F3D4 /* Debug */,
				8A22ADE92B0E7EF90056F3D4 /* Release */,
			);
			defaultConfigurationIsVisible = 0;
			defaultConfigurationName = Release;
		};
		8A22ADEA2B0E7EF90056F3D4 /* Build configuration list for PBXNativeTarget "Core DataUITests" */ = {
			isa = XCConfigurationList;
			buildConfigurations = (
				8A22ADEB2B0E7EF90056F3D4 /* Debug */,
				8A22ADEC2B0E7EF90056F3D4 /* Release */,
			);
			defaultConfigurationIsVisible = 0;
			defaultConfigurationName = Release;
		};
/* End XCConfigurationList section */

/* Begin XCVersionGroup section */
		8A22ADED2B0E7F600056F3D4 /* NotesModel.xcdatamodeld */ = {
			isa = XCVersionGroup;
			children = (
				8A22ADEE2B0E7F600056F3D4 /* NotesModel.xcdatamodel */,
			);
			currentVersion = 8A22ADEE2B0E7F600056F3D4 /* NotesModel.xcdatamodel */;
			path = NotesModel.xcdatamodeld;
			sourceTree = "<group>";
			versionGroupType = wrapper.xcdatamodel;
		};
/* End XCVersionGroup section */
	};
	rootObject = 8A22ADB22B0E7EF60056F3D4 /* Project object */;
}
